// !$*UTF8*$!
{
	objectVersion = 56;
	objects = {

/* Begin PBXBuildFile section */
		A1B2C3D40100000100000001 /* AppFont.swift in Sources */ = {isa = PBXBuildFile; fileRef = A1B2C3D40100000200000001 /* AppFont.swift */; };
		A1B2C3D40100000100000002 /* CoinbarApp.swift in Sources */ = {isa = PBXBuildFile; fileRef = A1B2C3D40100000200000002 /* CoinbarApp.swift */; };
		A1B2C3D40100000100000003 /* MenuContentView.swift in Sources */ = {isa = PBXBuildFile; fileRef = A1B2C3D40100000200000003 /* MenuContentView.swift */; };
		A1B2C3D40100000100000004 /* PriceStore.swift in Sources */ = {isa = PBXBuildFile; fileRef = A1B2C3D40100000200000004 /* PriceStore.swift */; };
/* End PBXBuildFile section */

/* Begin PBXFileReference section */
		A1B2C3D40100000200000001 /* AppFont.swift */ = {isa = PBXFileReference; lastKnownFileType = sourcecode.swift; path = AppFont.swift; sourceTree = "<group>"; };
		A1B2C3D40100000200000002 /* CoinbarApp.swift */ = {isa = PBXFileReference; lastKnownFileType = sourcecode.swift; path = CoinbarApp.swift; sourceTree = "<group>"; };
		A1B2C3D40100000200000003 /* MenuContentView.swift */ = {isa = PBXFileReference; lastKnownFileType = sourcecode.swift; path = MenuContentView.swift; sourceTree = "<group>"; };
		A1B2C3D40100000200000004 /* PriceStore.swift */ = {isa = PBXFileReference; lastKnownFileType = sourcecode.swift; path = PriceStore.swift; sourceTree = "<group>"; };
		A1B2C3D40100000200000005 /* Coinbar.app */ = {isa = PBXFileReference; explicitFileType = wrapper.application; includeInIndex = 0; path = Coinbar.app; sourceTree = BUILT_PRODUCTS_DIR; };
/* End PBXFileReference section */

/* Begin PBXFrameworksBuildPhase section */
		A1B2C3D40100000300000001 /* Frameworks */ = {
			isa = PBXFrameworksBuildPhase;
			buildActionMask = 2147483647;
			files = (
			);
			runOnlyForDeploymentPostprocessing = 0;
		};
/* End PBXFrameworksBuildPhase section */

/* Begin PBXGroup section */
		A1B2C3D40100000400000001 = {
			isa = PBXGroup;
			children = (
				A1B2C3D40100000400000002 /* Sources */,
				A1B2C3D40100000400000003 /* Products */,
			);
			sourceTree = "<group>";
		};
		A1B2C3D40100000400000002 /* Sources */ = {
			isa = PBXGroup;
			path = Sources;
			sourceTree = "<group>";
			children = (
				A1B2C3D40100000200000001 /* AppFont.swift */,
				A1B2C3D40100000200000002 /* CoinbarApp.swift */,
				A1B2C3D40100000200000003 /* MenuContentView.swift */,
				A1B2C3D40100000200000004 /* PriceStore.swift */,
			);
		};
		A1B2C3D40100000400000003 /* Products */ = {
			isa = PBXGroup;
			children = (
				A1B2C3D40100000200000005 /* Coinbar.app */,
			);
			name = Products;
			sourceTree = "<group>";
		};
/* End PBXGroup section */

/* Begin PBXNativeTarget section */
		A1B2C3D40100000500000001 /* Coinbar */ = {
			isa = PBXNativeTarget;
			buildConfigurationList = A1B2C3D40100000800000001 /* Build configuration list for PBXNativeTarget "Coinbar" */;
			buildPhases = (
				A1B2C3D40100000600000001 /* Sources */,
				A1B2C3D40100000300000001 /* Frameworks */,
				A1B2C3D40100000600000002 /* Resources */,
			);
			buildRules = (
			);
			dependencies = (
			);
			name = Coinbar;
			productName = Coinbar;
			productReference = A1B2C3D40100000200000005 /* Coinbar.app */;
			productType = "com.apple.product-type.application";
		};
/* End PBXNativeTarget section */

/* Begin PBXProject section */
		A1B2C3D40100000700000001 /* Project object */ = {
			isa = PBXProject;
			attributes = {
				BuildIndependentTargetsInParallel = 1;
				LastSwiftUpdateCheck = 1600;
				LastUpgradeCheck = 1600;
				TargetAttributes = {
					A1B2C3D40100000500000001 = {
						CreatedOnToolsVersion = 16.0;
					};
				};
			};
			buildConfigurationList = A1B2C3D40100000800000002 /* Build configuration list for PBXProject "Coinbar" */;
			compatibilityVersion = "Xcode 14.0";
			developmentRegion = en;
			hasScannedForEncodings = 0;
			knownRegions = (
				en,
				Base,
			);
			mainGroup = A1B2C3D40100000400000001;
			productRefGroup = A1B2C3D40100000400000003 /* Products */;
			projectDirPath = "";
			projectRoot = "";
			targets = (
				A1B2C3D40100000500000001 /* Coinbar */,
			);
		};
/* End PBXProject section */

/* Begin PBXResourcesBuildPhase section */
		A1B2C3D40100000600000002 /* Resources */ = {
			isa = PBXResourcesBuildPhase;
			buildActionMask = 2147483647;
			files = (
			);
			runOnlyForDeploymentPostprocessing = 0;
		};
/* End PBXResourcesBuildPhase section */

/* Begin PBXSourcesBuildPhase section */
		A1B2C3D40100000600000001 /* Sources */ = {
			isa = PBXSourcesBuildPhase;
			buildActionMask = 2147483647;
			files = (
				A1B2C3D40100000100000001 /* AppFont.swift in Sources */,
				A1B2C3D40100000100000002 /* CoinbarApp.swift in Sources */,
				A1B2C3D40100000100000003 /* MenuContentView.swift in Sources */,
				A1B2C3D40100000100000004 /* PriceStore.swift in Sources */,
			);
			runOnlyForDeploymentPostprocessing = 0;
		};
/* End PBXSourcesBuildPhase section */

/* Begin XCBuildConfiguration section */
		A1B2C3D40100000900000001 /* Debug */ = {
			isa = XCBuildConfiguration;
			buildSettings = {
				ALWAYS_SEARCH_USER_PATHS = NO;
				CLANG_ENABLE_MODULES = YES;
				CLANG_ENABLE_OBJC_ARC = YES;
				COPY_PHASE_STRIP = NO;
				DEBUG_INFORMATION_FORMAT = dwarf;
				ENABLE_STRICT_OBJC_MSGSEND = YES;
				GCC_C_LANGUAGE_STANDARD = gnu17;
				GCC_NO_COMMON_BLOCKS = YES;
				GCC_WARN_64_TO_32_BIT_CONVERSION = YES;
				GCC_WARN_ABOUT_RETURN_TYPE = YES_ERROR;
				GCC_WARN_UNDECLARED_SELECTOR = YES;
				GCC_WARN_UNINITIALIZED_AUTOS = YES_AGGRESSIVE;
				GCC_WARN_UNUSED_FUNCTION = YES;
				GCC_WARN_UNUSED_VARIABLE = YES;
				MACOSX_DEPLOYMENT_TARGET = 14.0;
				SDKROOT = macosx;
				SWIFT_VERSION = 5.0;
			};
			name = Debug;
		};
		A1B2C3D40100000900000002 /* Release */ = {
			isa = XCBuildConfiguration;
			buildSettings = {
				ALWAYS_SEARCH_USER_PATHS = NO;
				CLANG_ENABLE_MODULES = YES;
				CLANG_ENABLE_OBJC_ARC = YES;
				COPY_PHASE_STRIP = NO;
				DEBUG_INFORMATION_FORMAT = "dwarf-with-dsym";
				ENABLE_NS_ASSERTIONS = NO;
				ENABLE_STRICT_OBJC_MSGSEND = YES;
				GCC_C_LANGUAGE_STANDARD = gnu17;
				GCC_NO_COMMON_BLOCKS = YES;
				GCC_WARN_64_TO_32_BIT_CONVERSION = YES;
				GCC_WARN_ABOUT_RETURN_TYPE = YES_ERROR;
				GCC_WARN_UNDECLARED_SELECTOR = YES;
				GCC_WARN_UNINITIALIZED_AUTOS = YES_AGGRESSIVE;
				GCC_WARN_UNUSED_FUNCTION = YES;
				GCC_WARN_UNUSED_VARIABLE = YES;
				MACOSX_DEPLOYMENT_TARGET = 14.0;
				SDKROOT = macosx;
				SWIFT_COMPILATION_MODE = wholemodule;
				SWIFT_VERSION = 5.0;
			};
			name = Release;
		};
		A1B2C3D40100000900000003 /* Debug */ = {
			isa = XCBuildConfiguration;
			buildSettings = {
				ASSETCATALOG_COMPILER_GLOBAL_ACCENT_COLOR_NAME = AccentColor;
				CODE_SIGN_STYLE = Automatic;
				CURRENT_PROJECT_VERSION = 1;
				DEVELOPMENT_TEAM = "";
				GENERATE_INFOPLIST_FILE = YES;
				INFOPLIST_KEY_CFBundleDisplayName = Coinbar;
				INFOPLIST_KEY_LSApplicationCategoryType = "public.app-category.finance";
				INFOPLIST_KEY_LSUIElement = YES;
				INFOPLIST_KEY_NSHumanReadableCopyright = "";
				LD_RUNPATH_SEARCH_PATHS = (
					"$(inherited)",
					"@executable_path/../Frameworks",
				);
				MACOSX_DEPLOYMENT_TARGET = 14.0;
				MARKETING_VERSION = 1.0;
				PRODUCT_BUNDLE_IDENTIFIER = com.settali.coinbar;
				PRODUCT_NAME = "$(TARGET_NAME)";
				REGISTER_APP_GROUPS = NO;
				SWIFT_EMIT_LOC_STRINGS = NO;
				SWIFT_VERSION = 5.0;
			};
			name = Debug;
		};
		A1B2C3D40100000900000004 /* Release */ = {
			isa = XCBuildConfiguration;
			buildSettings = {
				ASSETCATALOG_COMPILER_GLOBAL_ACCENT_COLOR_NAME = AccentColor;
				CODE_SIGN_STYLE = Automatic;
				CURRENT_PROJECT_VERSION = 1;
				DEVELOPMENT_TEAM = "";
				GENERATE_INFOPLIST_FILE = YES;
				INFOPLIST_KEY_CFBundleDisplayName = Coinbar;
				INFOPLIST_KEY_LSApplicationCategoryType = "public.app-category.finance";
				INFOPLIST_KEY_LSUIElement = YES;
				INFOPLIST_KEY_NSHumanReadableCopyright = "";
				LD_RUNPATH_SEARCH_PATHS = (
					"$(inherited)",
					"@executable_path/../Frameworks",
				);
				MACOSX_DEPLOYMENT_TARGET = 14.0;
				MARKETING_VERSION = 1.0;
				PRODUCT_BUNDLE_IDENTIFIER = com.settali.coinbar;
				PRODUCT_NAME = "$(TARGET_NAME)";
				REGISTER_APP_GROUPS = NO;
				SWIFT_EMIT_LOC_STRINGS = NO;
				SWIFT_VERSION = 5.0;
			};
			name = Release;
		};
/* End XCBuildConfiguration section */

/* Begin XCConfigurationList section */
		A1B2C3D40100000800000001 /* Build configuration list for PBXNativeTarget "Coinbar" */ = {
			isa = XCConfigurationList;
			buildConfigurations = (
				A1B2C3D40100000900000003 /* Debug */,
				A1B2C3D40100000900000004 /* Release */,
			);
			defaultConfigurationIsVisible = 0;
			defaultConfigurationName = Release;
		};
		A1B2C3D40100000800000002 /* Build configuration list for PBXProject "Coinbar" */ = {
			isa = XCConfigurationList;
			buildConfigurations = (
				A1B2C3D40100000900000001 /* Debug */,
				A1B2C3D40100000900000002 /* Release */,
			);
			defaultConfigurationIsVisible = 0;
			defaultConfigurationName = Release;
		};
/* End XCConfigurationList section */
	};
	rootObject = A1B2C3D40100000700000001 /* Project object */;
}
